
Microsoft Visual Studio Solution File, Format Version 12.00
# Visual Studio 15
VisualStudioVersion = 15.0.26730.16
MinimumVisualStudioVersion = 10.0.40219.1
Project("{FAE04EC0-301F-11D3-BF4B-00C04F79EFBC}") = "Timetable", "Timetable\Timetable.csproj", "{AA79E456-AAF2-46EB-9318-2758252B60EA}"
EndProject
Global
	GlobalSection(SolutionConfigurationPlatforms) = preSolution
		Debug|Any CPU = Debug|Any CPU
		Release|Any CPU = Release|Any CPU
	EndGlobalSection
	GlobalSection(ProjectConfigurationPlatforms) = postSolution
		{AA79E456-AAF2-46EB-9318-2758252B60EA}.Debug|Any CPU.ActiveCfg = Debug|Any CPU
		{AA79E456-AAF2-46EB-9318-2758252B60EA}.Debug|Any CPU.Build.0 = Debug|Any CPU
		{AA79E456-AAF2-46EB-9318-2758252B60EA}.Release|Any CPU.ActiveCfg = Release|Any CPU
		{AA79E456-AAF2-46EB-9318-2758252B60EA}.Release|Any CPU.Build.0 = Release|Any CPU
	EndGlobalSection
	GlobalSection(SolutionProperties) = preSolution
		HideSolutionNode = FALSE
	EndGlobalSection
	GlobalSection(ExtensibilityGlobals) = postSolution
		SolutionGuid = {58E1F2D2-06DE-41D7-8C08-AB76F86DD57C}
	EndGlobalSection
EndGlobal
